
Microsoft Visual Studio Solution File, Format Version 12.00
# Visual Studio Version 16
VisualStudioVersion = 16.0.29411.108
MinimumVisualStudioVersion = 10.0.40219.1
Project("{FAE04EC0-301F-11D3-BF4B-00C04F79EFBC}") = "WomensClinicApp", "WomensClinicApp\WomensClinicApp\WomensClinicApp.csproj", "{5AB4951E-178A-40EF-A4E4-F5973E796194}"
EndProject
Project("{FAE04EC0-301F-11D3-BF4B-00C04F79EFBC}") = "WomensClinicApp.Android", "WomensClinicApp\WomensClinicApp.Android\WomensClinicApp.Android.csproj", "{E58D8D23-E330-4EE1-8F0D-147EBB0C49CE}"
EndProject
Project("{FAE04EC0-301F-11D3-BF4B-00C04F79EFBC}") = "WomensClinicApp.iOS", "WomensClinicApp\WomensClinicApp.iOS\WomensClinicApp.iOS.csproj", "{156B7B7C-83B2-4DB2-971A-BAF6DEEE5260}"
EndProject
Global
	GlobalSection(SolutionConfigurationPlatforms) = preSolution
		Ad-Hoc|Any CPU = Ad-Hoc|Any CPU
		Ad-Hoc|iPhone = Ad-Hoc|iPhone
		Ad-Hoc|iPhoneSimulator = Ad-Hoc|iPhoneSimulator
		AppStore|Any CPU = AppStore|Any CPU
		AppStore|iPhone = AppStore|iPhone
		AppStore|iPhoneSimulator = AppStore|iPhoneSimulator
		Debug|Any CPU = Debug|Any CPU
		Debug|iPhone = Debug|iPhone
		Debug|iPhoneSimulator = Debug|iPhoneSimulator
		Release|Any CPU = Release|Any CPU
		Release|iPhone = Release|iPhone
		Release|iPhoneSimulator = Release|iPhoneSimulator
	EndGlobalSection
	GlobalSection(ProjectConfigurationPlatforms) = postSolution
		{5AB4951E-178A-40EF-A4E4-F5973E796194}.Ad-Hoc|Any CPU.ActiveCfg = Debug|Any CPU
		{5AB4951E-178A-40EF-A4E4-F5973E796194}.Ad-Hoc|Any CPU.Build.0 = Debug|Any CPU
		{5AB4951E-178A-40EF-A4E4-F5973E796194}.Ad-Hoc|iPhone.ActiveCfg = Debug|Any CPU
		{5AB4951E-178A-40EF-A4E4-F5973E796194}.Ad-Hoc|iPhone.Build.0 = Debug|Any CPU
		{5AB4951E-178A-40EF-A4E4-F5973E796194}.Ad-Hoc|iPhoneSimulator.ActiveCfg = Debug|Any CPU
		{5AB4951E-178A-40EF-A4E4-F5973E796194}.Ad-Hoc|iPhoneSimulator.Build.0 = Debug|Any CPU
		{5AB4951E-178A-40EF-A4E4-F5973E796194}.AppStore|Any CPU.ActiveCfg = Debug|Any CPU
		{5AB4951E-178A-40EF-A4E4-F5973E796194}.AppStore|Any CPU.Build.0 = Debug|Any CPU
		{5AB4951E-178A-40EF-A4E4-F5973E796194}.AppStore|iPhone.ActiveCfg = Debug|Any CPU
		{5AB4951E-178A-40EF-A4E4-F5973E796194}.AppStore|iPhone.Build.0 = Debug|Any CPU
		{5AB4951E-178A-40EF-A4E4-F5973E796194}.AppStore|iPhoneSimulator.ActiveCfg = Debug|Any CPU
		{5AB4951E-178A-40EF-A4E4-F5973E796194}.AppStore|iPhoneSimulator.Build.0 = Debug|Any CPU
		{5AB4951E-178A-40EF-A4E4-F5973E796194}.Debug|Any CPU.ActiveCfg = Debug|Any CPU
		{5AB4951E-178A-40EF-A4E4-F5973E796194}.Debug|Any CPU.Build.0 = Debug|Any CPU
		{5AB4951E-178A-40EF-A4E4-F5973E796194}.Debug|iPhone.ActiveCfg = Debug|Any CPU
		{5AB4951E-178A-40EF-A4E4-F5973E796194}.Debug|iPhone.Build.0 = Debug|Any CPU
		{5AB4951E-178A-40EF-A4E4-F5973E796194}.Debug|iPhoneSimulator.ActiveCfg = Debug|Any CPU
		{5AB4951E-178A-40EF-A4E4-F5973E796194}.Debug|iPhoneSimulator.Build.0 = Debug|Any CPU
		{5AB4951E-178A-40EF-A4E4-F5973E796194}.Release|Any CPU.ActiveCfg = Release|Any CPU
		{5AB4951E-178A-40EF-A4E4-F5973E796194}.Release|Any CPU.Build.0 = Release|Any CPU
		{5AB4951E-178A-40EF-A4E4-F5973E796194}.Release|iPhone.ActiveCfg = Release|Any CPU
		{5AB4951E-178A-40EF-A4E4-F5973E796194}.Release|iPhone.Build.0 = Release|Any CPU
		{5AB4951E-178A-40EF-A4E4-F5973E796194}.Release|iPhoneSimulator.ActiveCfg = Release|Any CPU
		{5AB4951E-178A-40EF-A4E4-F5973E796194}.Release|iPhoneSimulator.Build.0 = Release|Any CPU
		{E58D8D23-E330-4EE1-8F0D-147EBB0C49CE}.Ad-Hoc|Any CPU.ActiveCfg = Release|Any CPU
		{E58D8D23-E330-4EE1-8F0D-147EBB0C49CE}.Ad-Hoc|Any CPU.Build.0 = Release|Any CPU
		{E58D8D23-E330-4EE1-8F0D-147EBB0C49CE}.Ad-Hoc|Any CPU.Deploy.0 = Release|Any CPU
		{E58D8D23-E330-4EE1-8F0D-147EBB0C49CE}.Ad-Hoc|iPhone.ActiveCfg = Release|Any CPU
		{E58D8D23-E330-4EE1-8F0D-147EBB0C49CE}.Ad-Hoc|iPhone.Build.0 = Release|Any CPU
		{E58D8D23-E330-4EE1-8F0D-147EBB0C49CE}.Ad-Hoc|iPhone.Deploy.0 = Release|Any CPU
		{E58D8D23-E330-4EE1-8F0D-147EBB0C49CE}.Ad-Hoc|iPhoneSimulator.ActiveCfg = Release|Any CPU
		{E58D8D23-E330-4EE1-8F0D-147EBB0C49CE}.Ad-Hoc|iPhoneSimulator.Build.0 = Release|Any CPU
		{E58D8D23-E330-4EE1-8F0D-147EBB0C49CE}.Ad-Hoc|iPhoneSimulator.Deploy.0 = Release|Any CPU
		{E58D8D23-E330-4EE1-8F0D-147EBB0C49CE}.AppStore|Any CPU.ActiveCfg = Release|Any CPU
		{E58D8D23-E330-4EE1-8F0D-147EBB0C49CE}.AppStore|Any CPU.Build.0 = Release|Any CPU
		{E58D8D23-E330-4EE1-8F0D-147EBB0C49CE}.AppStore|Any CPU.Deploy.0 = Release|Any CPU
		{E58D8D23-E330-4EE1-8F0D-147EBB0C49CE}.AppStore|iPhone.ActiveCfg = Release|Any CPU
		{E58D8D23-E330-4EE1-8F0D-147EBB0C49CE}.AppStore|iPhone.Build.0 = Release|Any CPU
		{E58D8D23-E330-4EE1-8F0D-147EBB0C49CE}.AppStore|iPhone.Deploy.0 = Release|Any CPU
		{E58D8D23-E330-4EE1-8F0D-147EBB0C49CE}.AppStore|iPhoneSimulator.ActiveCfg = Release|Any CPU
		{E58D8D23-E330-4EE1-8F0D-147EBB0C49CE}.AppStore|iPhoneSimulator.Build.0 = Release|Any CPU
		{E58D8D23-E330-4EE1-8F0D-147EBB0C49CE}.AppStore|iPhoneSimulator.Deploy.0 = Release|Any CPU
		{E58D8D23-E330-4EE1-8F0D-147EBB0C49CE}.Debug|Any CPU.ActiveCfg = Debug|Any CPU
		{E58D8D23-E330-4EE1-8F0D-147EBB0C49CE}.Debug|Any CPU.Build.0 = Debug|Any CPU
		{E58D8D23-E330-4EE1-8F0D-147EBB0C49CE}.Debug|Any CPU.Deploy.0 = Debug|Any CPU
		{E58D8D23-E330-4EE1-8F0D-147EBB0C49CE}.Debug|iPhone.ActiveCfg = Debug|Any CPU
		{E58D8D23-E330-4EE1-8F0D-147EBB0C49CE}.Debug|iPhone.Build.0 = Debug|Any CPU
		{E58D8D23-E330-4EE1-8F0D-147EBB0C49CE}.Debug|iPhone.Deploy.0 = Debug|Any CPU
		{E58D8D23-E330-4EE1-8F0D-147EBB0C49CE}.Debug|iPhoneSimulator.ActiveCfg = Debug|Any CPU
		{E58D8D23-E330-4EE1-8F0D-147EBB0C49CE}.Debug|iPhoneSimulator.Build.0 = Debug|Any CPU
		{E58D8D23-E330-4EE1-8F0D-147EBB0C49CE}.Debug|iPhoneSimulator.Deploy.0 = Debug|Any CPU
		{E58D8D23-E330-4EE1-8F0D-147EBB0C49CE}.Release|Any CPU.ActiveCfg = Release|Any CPU
		{E58D8D23-E330-4EE1-8F0D-147EBB0C49CE}.Release|Any CPU.Build.0 = Release|Any CPU
		{E58D8D23-E330-4EE1-8F0D-147EBB0C49CE}.Release|Any CPU.Deploy.0 = Release|Any CPU
		{E58D8D23-E330-4EE1-8F0D-147EBB0C49CE}.Release|iPhone.ActiveCfg = Release|Any CPU
		{E58D8D23-E330-4EE1-8F0D-147EBB0C49CE}.Release|iPhone.Build.0 = Release|Any CPU
		{E58D8D23-E330-4EE1-8F0D-147EBB0C49CE}.Release|iPhone.Deploy.0 = Release|Any CPU
		{E58D8D23-E330-4EE1-8F0D-147EBB0C49CE}.Release|iPhoneSimulator.ActiveCfg = Release|Any CPU
		{E58D8D23-E330-4EE1-8F0D-147EBB0C49CE}.Release|iPhoneSimulator.Build.0 = Release|Any CPU
		{E58D8D23-E330-4EE1-8F0D-147EBB0C49CE}.Release|iPhoneSimulator.Deploy.0 = Release|Any CPU
		{156B7B7C-83B2-4DB2-971A-BAF6DEEE5260}.Ad-Hoc|Any CPU.ActiveCfg = Ad-Hoc|iPhone
		{156B7B7C-83B2-4DB2-971A-BAF6DEEE5260}.Ad-Hoc|iPhone.ActiveCfg = Ad-Hoc|iPhone
		{156B7B7C-83B2-4DB2-971A-BAF6DEEE5260}.Ad-Hoc|iPhone.Build.0 = Ad-Hoc|iPhone
		{156B7B7C-83B2-4DB2-971A-BAF6DEEE5260}.Ad-Hoc|iPhoneSimulator.ActiveCfg = Ad-Hoc|iPhoneSimulator
		{156B7B7C-83B2-4DB2-971A-BAF6DEEE5260}.Ad-Hoc|iPhoneSimulator.Build.0 = Ad-Hoc|iPhoneSimulator
		{156B7B7C-83B2-4DB2-971A-BAF6DEEE5260}.AppStore|Any CPU.ActiveCfg = AppStore|iPhone
		{156B7B7C-83B2-4DB2-971A-BAF6DEEE5260}.AppStore|iPhone.ActiveCfg = AppStore|iPhone
		{156B7B7C-83B2-4DB2-971A-BAF6DEEE5260}.AppStore|iPhone.Build.0 = AppStore|iPhone
		{156B7B7C-83B2-4DB2-971A-BAF6DEEE5260}.AppStore|iPhoneSimulator.ActiveCfg = AppStore|iPhoneSimulator
		{156B7B7C-83B2-4DB2-971A-BAF6DEEE5260}.AppStore|iPhoneSimulator.Build.0 = AppStore|iPhoneSimulator
		{156B7B7C-83B2-4DB2-971A-BAF6DEEE5260}.Debug|Any CPU.ActiveCfg = Debug|iPhone
		{156B7B7C-83B2-4DB2-971A-BAF6DEEE5260}.Debug|iPhone.ActiveCfg = Debug|iPhone
		{156B7B7C-83B2-4DB2-971A-BAF6DEEE5260}.Debug|iPhone.Build.0 = Debug|iPhone
		{156B7B7C-83B2-4DB2-971A-BAF6DEEE5260}.Debug|iPhoneSimulator.ActiveCfg = Debug|iPhoneSimulator
		{156B7B7C-83B2-4DB2-971A-BAF6DEEE5260}.Debug|iPhoneSimulator.Build.0 = Debug|iPhoneSimulator
		{156B7B7C-83B2-4DB2-971A-BAF6DEEE5260}.Release|Any CPU.ActiveCfg = Release|iPhone
		{156B7B7C-83B2-4DB2-971A-BAF6DEEE5260}.Release|iPhone.ActiveCfg = Release|iPhone
		{156B7B7C-83B2-4DB2-971A-BAF6DEEE5260}.Release|iPhone.Build.0 = Release|iPhone
		{156B7B7C-83B2-4DB2-971A-BAF6DEEE5260}.Release|iPhoneSimulator.ActiveCfg = Release|iPhoneSimulator
		{156B7B7C-83B2-4DB2-971A-BAF6DEEE5260}.Release|iPhoneSimulator.Build.0 = Release|iPhoneSimulator
	EndGlobalSection
	GlobalSection(SolutionProperties) = preSolution
		HideSolutionNode = FALSE
	EndGlobalSection
	GlobalSection(ExtensibilityGlobals) = postSolution
		SolutionGuid = {80434735-A778-4C51-856C-43A0F8BF5302}
	EndGlobalSection
EndGlobal
